
Microsoft Visual Studio Solution File, Format Version 12.00
# Visual Studio Version 17
VisualStudioVersion = 17.5.33424.131
MinimumVisualStudioVersion = 10.0.40219.1
Project("{FAE04EC0-301F-11D3-BF4B-00C04F79EFBC}") = "TPMODUL5_1302210135", "TPMODUL5_1302210135.csproj", "{1EE74BF0-7F32-48A7-83A3-444396000B1B}"
EndProject
Global
	GlobalSection(SolutionConfigurationPlatforms) = preSolution
		Debug|Any CPU = Debug|Any CPU
		Release|Any CPU = Release|Any CPU
	EndGlobalSection
	GlobalSection(ProjectConfigurationPlatforms) = postSolution
		{1EE74BF0-7F32-48A7-83A3-444396000B1B}.Debug|Any CPU.ActiveCfg = Debug|Any CPU
		{1EE74BF0-7F32-48A7-83A3-444396000B1B}.Debug|Any CPU.Build.0 = Debug|Any CPU
		{1EE74BF0-7F32-48A7-83A3-444396000B1B}.Release|Any CPU.ActiveCfg = Release|Any CPU
		{1EE74BF0-7F32-48A7-83A3-444396000B1B}.Release|Any CPU.Build.0 = Release|Any CPU
	EndGlobalSection
	GlobalSection(SolutionProperties) = preSolution
		HideSolutionNode = FALSE
	EndGlobalSection
	GlobalSection(ExtensibilityGlobals) = postSolution
		SolutionGuid = {7486FD83-D2FE-4CDD-A9FE-9819258E2FA9}
	EndGlobalSection
EndGlobal
